
Microsoft Visual Studio Solution File, Format Version 12.00
# Visual Studio Version 16
VisualStudioVersion = 16.0.31321.278
MinimumVisualStudioVersion = 10.0.40219.1
Project("{FAE04EC0-301F-11D3-BF4B-00C04F79EFBC}") = "Task1.App", "Task1.App\Task1.App.csproj", "{068B39F8-B252-4023-B8E4-727403C8CD0A}"
EndProject
Global
	GlobalSection(SolutionConfigurationPlatforms) = preSolution
		Debug|Any CPU = Debug|Any CPU
		Release|Any CPU = Release|Any CPU
	EndGlobalSection
	GlobalSection(ProjectConfigurationPlatforms) = postSolution
		{068B39F8-B252-4023-B8E4-727403C8CD0A}.Debug|Any CPU.ActiveCfg = Debug|Any CPU
		{068B39F8-B252-4023-B8E4-727403C8CD0A}.Debug|Any CPU.Build.0 = Debug|Any CPU
		{068B39F8-B252-4023-B8E4-727403C8CD0A}.Release|Any CPU.ActiveCfg = Release|Any CPU
		{068B39F8-B252-4023-B8E4-727403C8CD0A}.Release|Any CPU.Build.0 = Release|Any CPU
	EndGlobalSection
	GlobalSection(SolutionProperties) = preSolution
		HideSolutionNode = FALSE
	EndGlobalSection
	GlobalSection(ExtensibilityGlobals) = postSolution
		SolutionGuid = {0D476740-35D8-41BF-85AB-19EBB7EBF487}
	EndGlobalSection
EndGlobal
