
Microsoft Visual Studio Solution File, Format Version 12.00
# Visual Studio Version 16
VisualStudioVersion = 16.0.31112.23
MinimumVisualStudioVersion = 10.0.40219.1
Project("{9A19103F-16F7-4668-BE54-9A1E7A4F7556}") = "Task1", "Task1\Task1.csproj", "{4F14B826-FB79-41D5-A04E-B81D194CE926}"
EndProject
Project("{FAE04EC0-301F-11D3-BF4B-00C04F79EFBC}") = "ClassLibraryTask1", "ClassLibraryTask1\ClassLibraryTask1.csproj", "{7B7D6F3A-459E-40F3-991D-CFA383C4FE46}"
EndProject
Project("{FAE04EC0-301F-11D3-BF4B-00C04F79EFBC}") = "Task2", "Task2\Task2.csproj", "{70C6355D-44D1-4AB3-8A51-F9647E3A1A0F}"
EndProject
Global
	GlobalSection(SolutionConfigurationPlatforms) = preSolution
		Debug|Any CPU = Debug|Any CPU
		Release|Any CPU = Release|Any CPU
	EndGlobalSection
	GlobalSection(ProjectConfigurationPlatforms) = postSolution
		{4F14B826-FB79-41D5-A04E-B81D194CE926}.Debug|Any CPU.ActiveCfg = Debug|Any CPU
		{4F14B826-FB79-41D5-A04E-B81D194CE926}.Debug|Any CPU.Build.0 = Debug|Any CPU
		{4F14B826-FB79-41D5-A04E-B81D194CE926}.Release|Any CPU.ActiveCfg = Release|Any CPU
		{4F14B826-FB79-41D5-A04E-B81D194CE926}.Release|Any CPU.Build.0 = Release|Any CPU
		{7B7D6F3A-459E-40F3-991D-CFA383C4FE46}.Debug|Any CPU.ActiveCfg = Debug|Any CPU
		{7B7D6F3A-459E-40F3-991D-CFA383C4FE46}.Debug|Any CPU.Build.0 = Debug|Any CPU
		{7B7D6F3A-459E-40F3-991D-CFA383C4FE46}.Release|Any CPU.ActiveCfg = Release|Any CPU
		{7B7D6F3A-459E-40F3-991D-CFA383C4FE46}.Release|Any CPU.Build.0 = Release|Any CPU
		{70C6355D-44D1-4AB3-8A51-F9647E3A1A0F}.Debug|Any CPU.ActiveCfg = Debug|Any CPU
		{70C6355D-44D1-4AB3-8A51-F9647E3A1A0F}.Debug|Any CPU.Build.0 = Debug|Any CPU
		{70C6355D-44D1-4AB3-8A51-F9647E3A1A0F}.Release|Any CPU.ActiveCfg = Release|Any CPU
		{70C6355D-44D1-4AB3-8A51-F9647E3A1A0F}.Release|Any CPU.Build.0 = Release|Any CPU
	EndGlobalSection
	GlobalSection(SolutionProperties) = preSolution
		HideSolutionNode = FALSE
	EndGlobalSection
	GlobalSection(ExtensibilityGlobals) = postSolution
		SolutionGuid = {E1B0BB00-E97B-4EC8-A1D6-32D57ED62E94}
	EndGlobalSection
EndGlobal
