
Microsoft Visual Studio Solution File, Format Version 12.00
# Visual Studio Version 16
VisualStudioVersion = 16.0.31112.23
MinimumVisualStudioVersion = 10.0.40219.1
Project("{FAE04EC0-301F-11D3-BF4B-00C04F79EFBC}") = "HomeworkApp", "HomeworkApp\HomeworkApp.csproj", "{2ED81E1C-4A47-48EE-B683-4180D05D9682}"
EndProject
Project("{FAE04EC0-301F-11D3-BF4B-00C04F79EFBC}") = "Domain", "Domain\Domain.csproj", "{9815C6C4-8CF3-4040-BDF8-BBD66DE15868}"
EndProject
Global
	GlobalSection(SolutionConfigurationPlatforms) = preSolution
		Debug|Any CPU = Debug|Any CPU
		Release|Any CPU = Release|Any CPU
	EndGlobalSection
	GlobalSection(ProjectConfigurationPlatforms) = postSolution
		{2ED81E1C-4A47-48EE-B683-4180D05D9682}.Debug|Any CPU.ActiveCfg = Debug|Any CPU
		{2ED81E1C-4A47-48EE-B683-4180D05D9682}.Debug|Any CPU.Build.0 = Debug|Any CPU
		{2ED81E1C-4A47-48EE-B683-4180D05D9682}.Release|Any CPU.ActiveCfg = Release|Any CPU
		{2ED81E1C-4A47-48EE-B683-4180D05D9682}.Release|Any CPU.Build.0 = Release|Any CPU
		{9815C6C4-8CF3-4040-BDF8-BBD66DE15868}.Debug|Any CPU.ActiveCfg = Debug|Any CPU
		{9815C6C4-8CF3-4040-BDF8-BBD66DE15868}.Debug|Any CPU.Build.0 = Debug|Any CPU
		{9815C6C4-8CF3-4040-BDF8-BBD66DE15868}.Release|Any CPU.ActiveCfg = Release|Any CPU
		{9815C6C4-8CF3-4040-BDF8-BBD66DE15868}.Release|Any CPU.Build.0 = Release|Any CPU
	EndGlobalSection
	GlobalSection(SolutionProperties) = preSolution
		HideSolutionNode = FALSE
	EndGlobalSection
	GlobalSection(ExtensibilityGlobals) = postSolution
		SolutionGuid = {88D79E78-89C9-4F16-98DB-A18244776DEC}
	EndGlobalSection
EndGlobal
